// !$*UTF8*$!
{
	archiveVersion = 1;
	classes = {
	};
	objectVersion = 50;
	objects = {

/* Begin PBXBuildFile section */
		F842C3C8219F77D90083681B /* AppDelegate.swift in Sources */ = {isa = PBXBuildFile; fileRef = F842C3C7219F77D90083681B /* AppDelegate.swift */; };
		F842C3CA219F77D90083681B /* ViewController.swift in Sources */ = {isa = PBXBuildFile; fileRef = F842C3C9219F77D90083681B /* ViewController.swift */; };
		F842C3CD219F77D90083681B /* Main.storyboard in Resources */ = {isa = PBXBuildFile; fileRef = F842C3CB219F77D90083681B /* Main.storyboard */; };
		F842C3CF219F77DB0083681B /* Assets.xcassets in Resources */ = {isa = PBXBuildFile; fileRef = F842C3CE219F77DB0083681B /* Assets.xcassets */; };
		F842C3D2219F77DB0083681B /* LaunchScreen.storyboard in Resources */ = {isa = PBXBuildFile; fileRef = F842C3D0219F77DB0083681B /* LaunchScreen.storyboard */; };
		F842C3DD219F77DB0083681B /* MemeMeTests.swift in Sources */ = {isa = PBXBuildFile; fileRef = F842C3DC219F77DB0083681B /* MemeMeTests.swift */; };
		F842C3E8219F77DB0083681B /* MemeMeUITests.swift in Sources */ = {isa = PBXBuildFile; fileRef = F842C3E7219F77DB0083681B /* MemeMeUITests.swift */; };
		F8B0D47F21BD8ACD0061535F /* meme.swift in Sources */ = {isa = PBXBuildFile; fileRef = F8B0D47E21BD8ACD0061535F /* meme.swift */; };
		F8B0D48321BDA0850061535F /* CollectionMemeCell.swift in Sources */ = {isa = PBXBuildFile; fileRef = F8B0D48221BDA0850061535F /* CollectionMemeCell.swift */; };
		F8E461DF21D7669C009DE73F /* tableMemeCell.swift in Sources */ = {isa = PBXBuildFile; fileRef = F8E461DE21D7669C009DE73F /* tableMemeCell.swift */; };
		F8E461E121D76EBE009DE73F /* CollectionMemeContorller.swift in Sources */ = {isa = PBXBuildFile; fileRef = F8E461E021D76EBE009DE73F /* CollectionMemeContorller.swift */; };
		F8E461E321D77BD0009DE73F /* TableMemeController.swift in Sources */ = {isa = PBXBuildFile; fileRef = F8E461E221D77BD0009DE73F /* TableMemeController.swift */; };
		F8F9A00121D969670024DE1F /* MemeDetail.swift in Sources */ = {isa = PBXBuildFile; fileRef = F8F9A00021D969670024DE1F /* MemeDetail.swift */; };
/* End PBXBuildFile section */

/* Begin PBXContainerItemProxy section */
		F842C3D9219F77DB0083681B /* PBXContainerItemProxy */ = {
			isa = PBXContainerItemProxy;
			containerPortal = F842C3BC219F77D90083681B /* Project object */;
			proxyType = 1;
			remoteGlobalIDString = F842C3C3219F77D90083681B;
			remoteInfo = MemeMe;
		};
		F842C3E4219F77DB0083681B /* PBXContainerItemProxy */ = {
			isa = PBXContainerItemProxy;
			containerPortal = F842C3BC219F77D90083681B /* Project object */;
			proxyType = 1;
			remoteGlobalIDString = F842C3C3219F77D90083681B;
			remoteInfo = MemeMe;
		};
/* End PBXContainerItemProxy section */

/* Begin PBXFileReference section */
		F842C3C4219F77D90083681B /* MemeMe.app */ = {isa = PBXFileReference; explicitFileType = wrapper.application; includeInIndex = 0; path = MemeMe.app; sourceTree = BUILT_PRODUCTS_DIR; };
		F842C3C7219F77D90083681B /* AppDelegate.swift */ = {isa = PBXFileReference; lastKnownFileType = sourcecode.swift; path = AppDelegate.swift; sourceTree = "<group>"; };
		F842C3C9219F77D90083681B /* ViewController.swift */ = {isa = PBXFileReference; lastKnownFileType = sourcecode.swift; path = ViewController.swift; sourceTree = "<group>"; };
		F842C3CC219F77D90083681B /* Base */ = {isa = PBXFileReference; lastKnownFileType = file.storyboard; name = Base; path = Base.lproj/Main.storyboard; sourceTree = "<group>"; };
		F842C3CE219F77DB0083681B /* Assets.xcassets */ = {isa = PBXFileReference; lastKnownFileType = folder.assetcatalog; path = Assets.xcassets; sourceTree = "<group>"; };
		F842C3D1219F77DB0083681B /* Base */ = {isa = PBXFileReference; lastKnownFileType = file.storyboard; name = Base; path = Base.lproj/LaunchScreen.storyboard; sourceTree = "<group>"; };
		F842C3D3219F77DB0083681B /* Info.plist */ = {isa = PBXFileReference; lastKnownFileType = text.plist.xml; path = Info.plist; sourceTree = "<group>"; };
		F842C3D8219F77DB0083681B /* MemeMeTests.xctest */ = {isa = PBXFileReference; explicitFileType = wrapper.cfbundle; includeInIndex = 0; path = MemeMeTests.xctest; sourceTree = BUILT_PRODUCTS_DIR; };
		F842C3DC219F77DB0083681B /* MemeMeTests.swift */ = {isa = PBXFileReference; lastKnownFileType = sourcecode.swift; path = MemeMeTests.swift; sourceTree = "<group>"; };
		F842C3DE219F77DB0083681B /* Info.plist */ = {isa = PBXFileReference; lastKnownFileType = text.plist.xml; path = Info.plist; sourceTree = "<group>"; };
		F842C3E3219F77DB0083681B /* MemeMeUITests.xctest */ = {isa = PBXFileReference; explicitFileType = wrapper.cfbundle; includeInIndex = 0; path = MemeMeUITests.xctest; sourceTree = BUILT_PRODUCTS_DIR; };
		F842C3E7219F77DB0083681B /* MemeMeUITests.swift */ = {isa = PBXFileReference; lastKnownFileType = sourcecode.swift; path = MemeMeUITests.swift; sourceTree = "<group>"; };
		F842C3E9219F77DB0083681B /* Info.plist */ = {isa = PBXFileReference; lastKnownFileType = text.plist.xml; path = Info.plist; sourceTree = "<group>"; };
		F8B0D47E21BD8ACD0061535F /* meme.swift */ = {isa = PBXFileReference; lastKnownFileType = sourcecode.swift; path = meme.swift; sourceTree = "<group>"; };
		F8B0D48221BDA0850061535F /* CollectionMemeCell.swift */ = {isa = PBXFileReference; lastKnownFileType = sourcecode.swift; path = CollectionMemeCell.swift; sourceTree = "<group>"; };
		F8E461DE21D7669C009DE73F /* tableMemeCell.swift */ = {isa = PBXFileReference; lastKnownFileType = sourcecode.swift; path = tableMemeCell.swift; sourceTree = "<group>"; };
		F8E461E021D76EBE009DE73F /* CollectionMemeContorller.swift */ = {isa = PBXFileReference; lastKnownFileType = sourcecode.swift; path = CollectionMemeContorller.swift; sourceTree = "<group>"; };
		F8E461E221D77BD0009DE73F /* TableMemeController.swift */ = {isa = PBXFileReference; lastKnownFileType = sourcecode.swift; path = TableMemeController.swift; sourceTree = "<group>"; };
		F8F9A00021D969670024DE1F /* MemeDetail.swift */ = {isa = PBXFileReference; fileEncoding = 4; lastKnownFileType = sourcecode.swift; path = MemeDetail.swift; sourceTree = "<group>"; };
/* End PBXFileReference section */

/* Begin PBXFrameworksBuildPhase section */
		F842C3C1219F77D90083681B /* Frameworks */ = {
			isa = PBXFrameworksBuildPhase;
			buildActionMask = 2147483647;
			files = (
			);
			runOnlyForDeploymentPostprocessing = 0;
		};
		F842C3D5219F77DB0083681B /* Frameworks */ = {
			isa = PBXFrameworksBuildPhase;
			buildActionMask = 2147483647;
			files = (
			);
			runOnlyForDeploymentPostprocessing = 0;
		};
		F842C3E0219F77DB0083681B /* Frameworks */ = {
			isa = PBXFrameworksBuildPhase;
			buildActionMask = 2147483647;
			files = (
			);
			runOnlyForDeploymentPostprocessing = 0;
		};
/* End PBXFrameworksBuildPhase section */

/* Begin PBXGroup section */
		F842C3BB219F77D90083681B = {
			isa = PBXGroup;
			children = (
				F842C3C6219F77D90083681B /* MemeMe */,
				F842C3DB219F77DB0083681B /* MemeMeTests */,
				F842C3E6219F77DB0083681B /* MemeMeUITests */,
				F842C3C5219F77D90083681B /* Products */,
			);
			sourceTree = "<group>";
		};
		F842C3C5219F77D90083681B /* Products */ = {
			isa = PBXGroup;
			children = (
				F842C3C4219F77D90083681B /* MemeMe.app */,
				F842C3D8219F77DB0083681B /* MemeMeTests.xctest */,
				F842C3E3219F77DB0083681B /* MemeMeUITests.xctest */,
			);
			name = Products;
			sourceTree = "<group>";
		};
		F842C3C6219F77D90083681B /* MemeMe */ = {
			isa = PBXGroup;
			children = (
				F842C3C7219F77D90083681B /* AppDelegate.swift */,
				F842C3C9219F77D90083681B /* ViewController.swift */,
				F842C3CB219F77D90083681B /* Main.storyboard */,
				F8F9A00021D969670024DE1F /* MemeDetail.swift */,
				F842C3CE219F77DB0083681B /* Assets.xcassets */,
				F842C3D0219F77DB0083681B /* LaunchScreen.storyboard */,
				F842C3D3219F77DB0083681B /* Info.plist */,
				F8B0D47E21BD8ACD0061535F /* meme.swift */,
				F8B0D48221BDA0850061535F /* CollectionMemeCell.swift */,
				F8E461DE21D7669C009DE73F /* tableMemeCell.swift */,
				F8E461E021D76EBE009DE73F /* CollectionMemeContorller.swift */,
				F8E461E221D77BD0009DE73F /* TableMemeController.swift */,
			);
			path = MemeMe;
			sourceTree = "<group>";
		};
		F842C3DB219F77DB0083681B /* MemeMeTests */ = {
			isa = PBXGroup;
			children = (
				F842C3DC219F77DB0083681B /* MemeMeTests.swift */,
				F842C3DE219F77DB0083681B /* Info.plist */,
			);
			path = MemeMeTests;
			sourceTree = "<group>";
		};
		F842C3E6219F77DB0083681B /* MemeMeUITests */ = {
			isa = PBXGroup;
			children = (
				F842C3E7219F77DB0083681B /* MemeMeUITests.swift */,
				F842C3E9219F77DB0083681B /* Info.plist */,
			);
			path = MemeMeUITests;
			sourceTree = "<group>";
		};
/* End PBXGroup section */

/* Begin PBXNativeTarget section */
		F842C3C3219F77D90083681B /* MemeMe */ = {
			isa = PBXNativeTarget;
			buildConfigurationList = F842C3EC219F77DB0083681B /* Build configuration list for PBXNativeTarget "MemeMe" */;
			buildPhases = (
				F842C3C0219F77D90083681B /* Sources */,
				F842C3C1219F77D90083681B /* Frameworks */,
				F842C3C2219F77D90083681B /* Resources */,
			);
			buildRules = (
			);
			dependencies = (
			);
			name = MemeMe;
			productName = MemeMe;
			productReference = F842C3C4219F77D90083681B /* MemeMe.app */;
			productType = "com.apple.product-type.application";
		};
		F842C3D7219F77DB0083681B /* MemeMeTests */ = {
			isa = PBXNativeTarget;
			buildConfigurationList = F842C3EF219F77DB0083681B /* Build configuration list for PBXNativeTarget "MemeMeTests" */;
			buildPhases = (
				F842C3D4219F77DB0083681B /* Sources */,
				F842C3D5219F77DB0083681B /* Frameworks */,
				F842C3D6219F77DB0083681B /* Resources */,
			);
			buildRules = (
			);
			dependencies = (
				F842C3DA219F77DB0083681B /* PBXTargetDependency */,
			);
			name = MemeMeTests;
			productName = MemeMeTests;
			productReference = F842C3D8219F77DB0083681B /* MemeMeTests.xctest */;
			productType = "com.apple.product-type.bundle.unit-test";
		};
		F842C3E2219F77DB0083681B /* MemeMeUITests */ = {
			isa = PBXNativeTarget;
			buildConfigurationList = F842C3F2219F77DB0083681B /* Build configuration list for PBXNativeTarget "MemeMeUITests" */;
			buildPhases = (
				F842C3DF219F77DB0083681B /* Sources */,
				F842C3E0219F77DB0083681B /* Frameworks */,
				F842C3E1219F77DB0083681B /* Resources */,
			);
			buildRules = (
			);
			dependencies = (
				F842C3E5219F77DB0083681B /* PBXTargetDependency */,
			);
			name = MemeMeUITests;
			productName = MemeMeUITests;
			productReference = F842C3E3219F77DB0083681B /* MemeMeUITests.xctest */;
			productType = "com.apple.product-type.bundle.ui-testing";
		};
/* End PBXNativeTarget section */

/* Begin PBXProject section */
		F842C3BC219F77D90083681B /* Project object */ = {
			isa = PBXProject;
			attributes = {
				LastSwiftUpdateCheck = 1010;
				LastUpgradeCheck = 1010;
				ORGANIZATIONNAME = "raghad almatrodi";
				TargetAttributes = {
					F842C3C3219F77D90083681B = {
						CreatedOnToolsVersion = 10.1;
					};
					F842C3D7219F77DB0083681B = {
						CreatedOnToolsVersion = 10.1;
						TestTargetID = F842C3C3219F77D90083681B;
					};
					F842C3E2219F77DB0083681B = {
						CreatedOnToolsVersion = 10.1;
						TestTargetID = F842C3C3219F77D90083681B;
					};
				};
			};
			buildConfigurationList = F842C3BF219F77D90083681B /* Build configuration list for PBXProject "MemeMe" */;
			compatibilityVersion = "Xcode 9.3";
			developmentRegion = en;
			hasScannedForEncodings = 0;
			knownRegions = (
				en,
				Base,
			);
			mainGroup = F842C3BB219F77D90083681B;
			productRefGroup = F842C3C5219F77D90083681B /* Products */;
			projectDirPath = "";
			projectRoot = "";
			targets = (
				F842C3C3219F77D90083681B /* MemeMe */,
				F842C3D7219F77DB0083681B /* MemeMeTests */,
				F842C3E2219F77DB0083681B /* MemeMeUITests */,
			);
		};
/* End PBXProject section */

/* Begin PBXResourcesBuildPhase section */
		F842C3C2219F77D90083681B /* Resources */ = {
			isa = PBXResourcesBuildPhase;
			buildActionMask = 2147483647;
			files = (
				F842C3D2219F77DB0083681B /* LaunchScreen.storyboard in Resources */,
				F842C3CF219F77DB0083681B /* Assets.xcassets in Resources */,
				F842C3CD219F77D90083681B /* Main.storyboard in Resources */,
			);
			runOnlyForDeploymentPostprocessing = 0;
		};
		F842C3D6219F77DB0083681B /* Resources */ = {
			isa = PBXResourcesBuildPhase;
			buildActionMask = 2147483647;
			files = (
			);
			runOnlyForDeploymentPostprocessing = 0;
		};
		F842C3E1219F77DB0083681B /* Resources */ = {
			isa = PBXResourcesBuildPhase;
			buildActionMask = 2147483647;
			files = (
			);
			runOnlyForDeploymentPostprocessing = 0;
		};
/* End PBXResourcesBuildPhase section */

/* Begin PBXSourcesBuildPhase section */
		F842C3C0219F77D90083681B /* Sources */ = {
			isa = PBXSourcesBuildPhase;
			buildActionMask = 2147483647;
			files = (
				F8B0D47F21BD8ACD0061535F /* meme.swift in Sources */,
				F842C3CA219F77D90083681B /* ViewController.swift in Sources */,
				F8F9A00121D969670024DE1F /* MemeDetail.swift in Sources */,
				F8B0D48321BDA0850061535F /* CollectionMemeCell.swift in Sources */,
				F8E461E321D77BD0009DE73F /* TableMemeController.swift in Sources */,
				F8E461E121D76EBE009DE73F /* CollectionMemeContorller.swift in Sources */,
				F842C3C8219F77D90083681B /* AppDelegate.swift in Sources */,
				F8E461DF21D7669C009DE73F /* tableMemeCell.swift in Sources */,
			);
			runOnlyForDeploymentPostprocessing = 0;
		};
		F842C3D4219F77DB0083681B /* Sources */ = {
			isa = PBXSourcesBuildPhase;
			buildActionMask = 2147483647;
			files = (
				F842C3DD219F77DB0083681B /* MemeMeTests.swift in Sources */,
			);
			runOnlyForDeploymentPostprocessing = 0;
		};
		F842C3DF219F77DB0083681B /* Sources */ = {
			isa = PBXSourcesBuildPhase;
			buildActionMask = 2147483647;
			files = (
				F842C3E8219F77DB0083681B /* MemeMeUITests.swift in Sources */,
			);
			runOnlyForDeploymentPostprocessing = 0;
		};
/* End PBXSourcesBuildPhase section */

/* Begin PBXTargetDependency section */
		F842C3DA219F77DB0083681B /* PBXTargetDependency */ = {
			isa = PBXTargetDependency;
			target = F842C3C3219F77D90083681B /* MemeMe */;
			targetProxy = F842C3D9219F77DB0083681B /* PBXContainerItemProxy */;
		};
		F842C3E5219F77DB0083681B /* PBXTargetDependency */ = {
			isa = PBXTargetDependency;
			target = F842C3C3219F77D90083681B /* MemeMe */;
			targetProxy = F842C3E4219F77DB0083681B /* PBXContainerItemProxy */;
		};
/* End PBXTargetDependency section */

/* Begin PBXVariantGroup section */
		F842C3CB219F77D90083681B /* Main.storyboard */ = {
			isa = PBXVariantGroup;
			children = (
				F842C3CC219F77D90083681B /* Base */,
			);
			name = Main.storyboard;
			sourceTree = "<group>";
		};
		F842C3D0219F77DB0083681B /* LaunchScreen.storyboard */ = {
			isa = PBXVariantGroup;
			children = (
				F842C3D1219F77DB0083681B /* Base */,
			);
			name = LaunchScreen.storyboard;
			sourceTree = "<group>";
		};
/* End PBXVariantGroup section */

/* Begin XCBuildConfiguration section */
		F842C3EA219F77DB0083681B /* Debug */ = {
			isa = XCBuildConfiguration;
			buildSettings = {
				ALWAYS_SEARCH_USER_PATHS = NO;
				CLANG_ANALYZER_NONNULL = YES;
				CLANG_ANALYZER_NUMBER_OBJECT_CONVERSION = YES_AGGRESSIVE;
				CLANG_CXX_LANGUAGE_STANDARD = "gnu++14";
				CLANG_CXX_LIBRARY = "libc++";
				CLANG_ENABLE_MODULES = YES;
				CLANG_ENABLE_OBJC_ARC = YES;
				CLANG_ENABLE_OBJC_WEAK = YES;
				CLANG_WARN_BLOCK_CAPTURE_AUTORELEASING = YES;
				CLANG_WARN_BOOL_CONVERSION = YES;
				CLANG_WARN_COMMA = YES;
				CLANG_WARN_CONSTANT_CONVERSION = YES;
				CLANG_WARN_DEPRECATED_OBJC_IMPLEMENTATIONS = YES;
				CLANG_WARN_DIRECT_OBJC_ISA_USAGE = YES_ERROR;
				CLANG_WARN_DOCUMENTATION_COMMENTS = YES;
				CLANG_WARN_EMPTY_BODY = YES;
				CLANG_WARN_ENUM_CONVERSION = YES;
				CLANG_WARN_INFINITE_RECURSION = YES;
				CLANG_WARN_INT_CONVERSION = YES;
				CLANG_WARN_NON_LITERAL_NULL_CONVERSION = YES;
				CLANG_WARN_OBJC_IMPLICIT_RETAIN_SELF = YES;
				CLANG_WARN_OBJC_LITERAL_CONVERSION = YES;
				CLANG_WARN_OBJC_ROOT_CLASS = YES_ERROR;
				CLANG_WARN_RANGE_LOOP_ANALYSIS = YES;
				CLANG_WARN_STRICT_PROTOTYPES = YES;
				CLANG_WARN_SUSPICIOUS_MOVE = YES;
				CLANG_WARN_UNGUARDED_AVAILABILITY = YES_AGGRESSIVE;
				CLANG_WARN_UNREACHABLE_CODE = YES;
				CLANG_WARN__DUPLICATE_METHOD_MATCH = YES;
				CODE_SIGN_IDENTITY = "iPhone Developer";
				COPY_PHASE_STRIP = NO;
				DEBUG_INFORMATION_FORMAT = dwarf;
				ENABLE_STRICT_OBJC_MSGSEND = YES;
				ENABLE_TESTABILITY = YES;
				GCC_C_LANGUAGE_STANDARD = gnu11;
				GCC_DYNAMIC_NO_PIC = NO;
				GCC_NO_COMMON_BLOCKS = YES;
				GCC_OPTIMIZATION_LEVEL = 0;
				GCC_PREPROCESSOR_DEFINITIONS = (
					"DEBUG=1",
					"$(inherited)",
				);
				GCC_WARN_64_TO_32_BIT_CONVERSION = YES;
				GCC_WARN_ABOUT_RETURN_TYPE = YES_ERROR;
				GCC_WARN_UNDECLARED_SELECTOR = YES;
				GCC_WARN_UNINITIALIZED_AUTOS = YES_AGGRESSIVE;
				GCC_WARN_UNUSED_FUNCTION = YES;
				GCC_WARN_UNUSED_VARIABLE = YES;
				IPHONEOS_DEPLOYMENT_TARGET = 12.1;
				MTL_ENABLE_DEBUG_INFO = INCLUDE_SOURCE;
				MTL_FAST_MATH = YES;
				ONLY_ACTIVE_ARCH = YES;
				SDKROOT = iphoneos;
				SWIFT_ACTIVE_COMPILATION_CONDITIONS = DEBUG;
				SWIFT_OPTIMIZATION_LEVEL = "-Onone";
			};
			name = Debug;
		};
		F842C3EB219F77DB0083681B /* Release */ = {
			isa = XCBuildConfiguration;
			buildSettings = {
				ALWAYS_SEARCH_USER_PATHS = NO;
				CLANG_ANALYZER_NONNULL = YES;
				CLANG_ANALYZER_NUMBER_OBJECT_CONVERSION = YES_AGGRESSIVE;
				CLANG_CXX_LANGUAGE_STANDARD = "gnu++14";
				CLANG_CXX_LIBRARY = "libc++";
				CLANG_ENABLE_MODULES = YES;
				CLANG_ENABLE_OBJC_ARC = YES;
				CLANG_ENABLE_OBJC_WEAK = YES;
				CLANG_WARN_BLOCK_CAPTURE_AUTORELEASING = YES;
				CLANG_WARN_BOOL_CONVERSION = YES;
				CLANG_WARN_COMMA = YES;
				CLANG_WARN_CONSTANT_CONVERSION = YES;
				CLANG_WARN_DEPRECATED_OBJC_IMPLEMENTATIONS = YES;
				CLANG_WARN_DIRECT_OBJC_ISA_USAGE = YES_ERROR;
				CLANG_WARN_DOCUMENTATION_COMMENTS = YES;
				CLANG_WARN_EMPTY_BODY = YES;
				CLANG_WARN_ENUM_CONVERSION = YES;
				CLANG_WARN_INFINITE_RECURSION = YES;
				CLANG_WARN_INT_CONVERSION = YES;
				CLANG_WARN_NON_LITERAL_NULL_CONVERSION = YES;
				CLANG_WARN_OBJC_IMPLICIT_RETAIN_SELF = YES;
				CLANG_WARN_OBJC_LITERAL_CONVERSION = YES;
				CLANG_WARN_OBJC_ROOT_CLASS = YES_ERROR;
				CLANG_WARN_RANGE_LOOP_ANALYSIS = YES;
				CLANG_WARN_STRICT_PROTOTYPES = YES;
				CLANG_WARN_SUSPICIOUS_MOVE = YES;
				CLANG_WARN_UNGUARDED_AVAILABILITY = YES_AGGRESSIVE;
				CLANG_WARN_UNREACHABLE_CODE = YES;
				CLANG_WARN__DUPLICATE_METHOD_MATCH = YES;
				CODE_SIGN_IDENTITY = "iPhone Developer";
				COPY_PHASE_STRIP = NO;
				DEBUG_INFORMATION_FORMAT = "dwarf-with-dsym";
				ENABLE_NS_ASSERTIONS = NO;
				ENABLE_STRICT_OBJC_MSGSEND = YES;
				GCC_C_LANGUAGE_STANDARD = gnu11;
				GCC_NO_COMMON_BLOCKS = YES;
				GCC_WARN_64_TO_32_BIT_CONVERSION = YES;
				GCC_WARN_ABOUT_RETURN_TYPE = YES_ERROR;
				GCC_WARN_UNDECLARED_SELECTOR = YES;
				GCC_WARN_UNINITIALIZED_AUTOS = YES_AGGRESSIVE;
				GCC_WARN_UNUSED_FUNCTION = YES;
				GCC_WARN_UNUSED_VARIABLE = YES;
				IPHONEOS_DEPLOYMENT_TARGET = 12.1;
				MTL_ENABLE_DEBUG_INFO = NO;
				MTL_FAST_MATH = YES;
				SDKROOT = iphoneos;
				SWIFT_COMPILATION_MODE = wholemodule;
				SWIFT_OPTIMIZATION_LEVEL = "-O";
				VALIDATE_PRODUCT = YES;
			};
			name = Release;
		};
		F842C3ED219F77DB0083681B /* Debug */ = {
			isa = XCBuildConfiguration;
			buildSettings = {
				ASSETCATALOG_COMPILER_APPICON_NAME = AppIcon;
				CODE_SIGN_STYLE = Automatic;
				INFOPLIST_FILE = MemeMe/Info.plist;
				LD_RUNPATH_SEARCH_PATHS = (
					"$(inherited)",
					"@executable_path/Frameworks",
				);
				PRODUCT_BUNDLE_IDENTIFIER = Udacity.MemeMe;
				PRODUCT_NAME = "$(TARGET_NAME)";
				SWIFT_VERSION = 4.2;
				TARGETED_DEVICE_FAMILY = "1,2";
			};
			name = Debug;
		};
		F842C3EE219F77DB0083681B /* Release */ = {
			isa = XCBuildConfiguration;
			buildSettings = {
				ASSETCATALOG_COMPILER_APPICON_NAME = AppIcon;
				CODE_SIGN_STYLE = Automatic;
				INFOPLIST_FILE = MemeMe/Info.plist;
				LD_RUNPATH_SEARCH_PATHS = (
					"$(inherited)",
					"@executable_path/Frameworks",
				);
				PRODUCT_BUNDLE_IDENTIFIER = Udacity.MemeMe;
				PRODUCT_NAME = "$(TARGET_NAME)";
				SWIFT_VERSION = 4.2;
				TARGETED_DEVICE_FAMILY = "1,2";
			};
			name = Release;
		};
		F842C3F0219F77DB0083681B /* Debug */ = {
			isa = XCBuildConfiguration;
			buildSettings = {
				ALWAYS_EMBED_SWIFT_STANDARD_LIBRARIES = YES;
				BUNDLE_LOADER = "$(TEST_HOST)";
				CODE_SIGN_STYLE = Automatic;
				INFOPLIST_FILE = MemeMeTests/Info.plist;
				LD_RUNPATH_SEARCH_PATHS = (
					"$(inherited)",
					"@executable_path/Frameworks",
					"@loader_path/Frameworks",
				);
				PRODUCT_BUNDLE_IDENTIFIER = Udacity.MemeMeTests;
				PRODUCT_NAME = "$(TARGET_NAME)";
				SWIFT_VERSION = 4.2;
				TARGETED_DEVICE_FAMILY = "1,2";
				TEST_HOST = "$(BUILT_PRODUCTS_DIR)/MemeMe.app/MemeMe";
			};
			name = Debug;
		};
		F842C3F1219F77DB0083681B /* Release */ = {
			isa = XCBuildConfiguration;
			buildSettings = {
				ALWAYS_EMBED_SWIFT_STANDARD_LIBRARIES = YES;
				BUNDLE_LOADER = "$(TEST_HOST)";
				CODE_SIGN_STYLE = Automatic;
				INFOPLIST_FILE = MemeMeTests/Info.plist;
				LD_RUNPATH_SEARCH_PATHS = (
					"$(inherited)",
					"@executable_path/Frameworks",
					"@loader_path/Frameworks",
				);
				PRODUCT_BUNDLE_IDENTIFIER = Udacity.MemeMeTests;
				PRODUCT_NAME = "$(TARGET_NAME)";
				SWIFT_VERSION = 4.2;
				TARGETED_DEVICE_FAMILY = "1,2";
				TEST_HOST = "$(BUILT_PRODUCTS_DIR)/MemeMe.app/MemeMe";
			};
			name = Release;
		};
		F842C3F3219F77DB0083681B /* Debug */ = {
			isa = XCBuildConfiguration;
			buildSettings = {
				ALWAYS_EMBED_SWIFT_STANDARD_LIBRARIES = YES;
				CODE_SIGN_STYLE = Automatic;
				INFOPLIST_FILE = MemeMeUITests/Info.plist;
				LD_RUNPATH_SEARCH_PATHS = (
					"$(inherited)",
					"@executable_path/Frameworks",
					"@loader_path/Frameworks",
				);
				PRODUCT_BUNDLE_IDENTIFIER = Udacity.MemeMeUITests;
				PRODUCT_NAME = "$(TARGET_NAME)";
				SWIFT_VERSION = 4.2;
				TARGETED_DEVICE_FAMILY = "1,2";
				TEST_TARGET_NAME = MemeMe;
			};
			name = Debug;
		};
		F842C3F4219F77DB0083681B /* Release */ = {
			isa = XCBuildConfiguration;
			buildSettings = {
				ALWAYS_EMBED_SWIFT_STANDARD_LIBRARIES = YES;
				CODE_SIGN_STYLE = Automatic;
				INFOPLIST_FILE = MemeMeUITests/Info.plist;
				LD_RUNPATH_SEARCH_PATHS = (
					"$(inherited)",
					"@executable_path/Frameworks",
					"@loader_path/Frameworks",
				);
				PRODUCT_BUNDLE_IDENTIFIER = Udacity.MemeMeUITests;
				PRODUCT_NAME = "$(TARGET_NAME)";
				SWIFT_VERSION = 4.2;
				TARGETED_DEVICE_FAMILY = "1,2";
				TEST_TARGET_NAME = MemeMe;
			};
			name = Release;
		};
/* End XCBuildConfiguration section */

/* Begin XCConfigurationList section */
		F842C3BF219F77D90083681B /* Build configuration list for PBXProject "MemeMe" */ = {
			isa = XCConfigurationList;
			buildConfigurations = (
				F842C3EA219F77DB0083681B /* Debug */,
				F842C3EB219F77DB0083681B /* Release */,
			);
			defaultConfigurationIsVisible = 0;
			defaultConfigurationName = Release;
		};
		F842C3EC219F77DB0083681B /* Build configuration list for PBXNativeTarget "MemeMe" */ = {
			isa = XCConfigurationList;
			buildConfigurations = (
				F842C3ED219F77DB0083681B /* Debug */,
				F842C3EE219F77DB0083681B /* Release */,
			);
			defaultConfigurationIsVisible = 0;
			defaultConfigurationName = Release;
		};
		F842C3EF219F77DB0083681B /* Build configuration list for PBXNativeTarget "MemeMeTests" */ = {
			isa = XCConfigurationList;
			buildConfigurations = (
				F842C3F0219F77DB0083681B /* Debug */,
				F842C3F1219F77DB0083681B /* Release */,
			);
			defaultConfigurationIsVisible = 0;
			defaultConfigurationName = Release;
		};
		F842C3F2219F77DB0083681B /* Build configuration list for PBXNativeTarget "MemeMeUITests" */ = {
			isa = XCConfigurationList;
			buildConfigurations = (
				F842C3F3219F77DB0083681B /* Debug */,
				F842C3F4219F77DB0083681B /* Release */,
			);
			defaultConfigurationIsVisible = 0;
			defaultConfigurationName = Release;
		};
/* End XCConfigurationList section */
	};
	rootObject = F842C3BC219F77D90083681B /* Project object */;
}
